
Microsoft Visual Studio Solution File, Format Version 12.00
# Visual Studio Version 17
VisualStudioVersion = 17.10.34916.146
MinimumVisualStudioVersion = 10.0.40219.1
Project("{FAE04EC0-301F-11D3-BF4B-00C04F79EFBC}") = "WindowsFormsApp3", "WindowsFormsApp3\WindowsFormsApp3.csproj", "{67E64524-7199-4CD6-BEE1-1EEA0A131215}"
EndProject
Global
	GlobalSection(SolutionConfigurationPlatforms) = preSolution
		Debug|Any CPU = Debug|Any CPU
		Release|Any CPU = Release|Any CPU
	EndGlobalSection
	GlobalSection(ProjectConfigurationPlatforms) = postSolution
		{67E64524-7199-4CD6-BEE1-1EEA0A131215}.Debug|Any CPU.ActiveCfg = Debug|Any CPU
		{67E64524-7199-4CD6-BEE1-1EEA0A131215}.Debug|Any CPU.Build.0 = Debug|Any CPU
		{67E64524-7199-4CD6-BEE1-1EEA0A131215}.Release|Any CPU.ActiveCfg = Release|Any CPU
		{67E64524-7199-4CD6-BEE1-1EEA0A131215}.Release|Any CPU.Build.0 = Release|Any CPU
	EndGlobalSection
	GlobalSection(SolutionProperties) = preSolution
		HideSolutionNode = FALSE
	EndGlobalSection
	GlobalSection(ExtensibilityGlobals) = postSolution
		SolutionGuid = {002D489B-6708-4A3D-A4E8-64BA2CA67275}
	EndGlobalSection
EndGlobal
